// !$*UTF8*$!
{
	archiveVersion = 1;
	classes = {
	};
	objectVersion = 50;
	objects = {

/* Begin PBXBuildFile section */
		3A04F1930F48E41DEAA9E3DE /* Pods_Marvel_Characters.framework in Frameworks */ = {isa = PBXBuildFile; fileRef = 8501DCCA0CE363BAE4C70C80 /* Pods_Marvel_Characters.framework */; };
		43758723ABCE1A23BB7C6B15 /* Pods_Marvel_CharactersTests.framework in Frameworks */ = {isa = PBXBuildFile; fileRef = 7AC8BCE9CEB7921D03F3A3C6 /* Pods_Marvel_CharactersTests.framework */; };
		DB4DB8F621265832002E6D30 /* CharactersListSceneFactory.swift in Sources */ = {isa = PBXBuildFile; fileRef = DB4DB8F521265832002E6D30 /* CharactersListSceneFactory.swift */; };
		DB4DB8F821266D5D002E6D30 /* CharactersListViewModelTest.swift in Sources */ = {isa = PBXBuildFile; fileRef = DB4DB8F721266D5D002E6D30 /* CharactersListViewModelTest.swift */; };
		DB4DB8FE212675CA002E6D30 /* MockCharactersListView.swift in Sources */ = {isa = PBXBuildFile; fileRef = DB4DB8FD212675CA002E6D30 /* MockCharactersListView.swift */; };
		DB75FD632124657800AD7B24 /* MarvelServiceAPI.swift in Sources */ = {isa = PBXBuildFile; fileRef = DB75FD622124657800AD7B24 /* MarvelServiceAPI.swift */; };
		DB75FD6521246B4A00AD7B24 /* CharactersAPIClient.swift in Sources */ = {isa = PBXBuildFile; fileRef = DB75FD6421246B4A00AD7B24 /* CharactersAPIClient.swift */; };
		DB75FD672124706A00AD7B24 /* MarvelAPIClient.swift in Sources */ = {isa = PBXBuildFile; fileRef = DB75FD662124706A00AD7B24 /* MarvelAPIClient.swift */; };
		DB75FD692124988800AD7B24 /* MarvelAPIParams.swift in Sources */ = {isa = PBXBuildFile; fileRef = DB75FD682124988800AD7B24 /* MarvelAPIParams.swift */; };
		DB76668E2127099200F7D79F /* MarvelSampleDataProvider.swift in Sources */ = {isa = PBXBuildFile; fileRef = DB76668D2127099200F7D79F /* MarvelSampleDataProvider.swift */; };
		DB7666982127155500F7D79F /* MockCharactersListViewModel.swift in Sources */ = {isa = PBXBuildFile; fileRef = DB7666972127155500F7D79F /* MockCharactersListViewModel.swift */; };
		DB76669A2127188C00F7D79F /* TestCharacterViewData.swift in Sources */ = {isa = PBXBuildFile; fileRef = DB7666992127188C00F7D79F /* TestCharacterViewData.swift */; };
		DB76669C2127199A00F7D79F /* CharactersListViewControllerTest.swift in Sources */ = {isa = PBXBuildFile; fileRef = DB76669B2127199A00F7D79F /* CharactersListViewControllerTest.swift */; };
		DBC0EE1A2124AC2E0006AFC7 /* Character.swift in Sources */ = {isa = PBXBuildFile; fileRef = DBC0EE192124AC2E0006AFC7 /* Character.swift */; };
		DBC0EE222124C67D0006AFC7 /* MarvelServiceAPITest.swift in Sources */ = {isa = PBXBuildFile; fileRef = DBC0EE212124C67D0006AFC7 /* MarvelServiceAPITest.swift */; };
		DBC0EE242124D3B40006AFC7 /* MarvelAPIClientTest.swift in Sources */ = {isa = PBXBuildFile; fileRef = DBC0EE232124D3B40006AFC7 /* MarvelAPIClientTest.swift */; };
		DBC0EE2A2124E3A30006AFC7 /* characters.json in Resources */ = {isa = PBXBuildFile; fileRef = DBC0EE252124DE320006AFC7 /* characters.json */; };
		DBD32FB12125B452009C5F89 /* MockMarvelAPIClient.swift in Sources */ = {isa = PBXBuildFile; fileRef = DBD32FB02125B452009C5F89 /* MockMarvelAPIClient.swift */; };
		DBD32FB72125C216009C5F89 /* CharactersListViewController.swift in Sources */ = {isa = PBXBuildFile; fileRef = DBD32FB62125C216009C5F89 /* CharactersListViewController.swift */; };
		DBD32FBB2125C2E2009C5F89 /* CharacterCell.swift in Sources */ = {isa = PBXBuildFile; fileRef = DBD32FBA2125C2E2009C5F89 /* CharacterCell.swift */; };
		DBD32FBD2125EC24009C5F89 /* MarvelAPIParamTest.swift in Sources */ = {isa = PBXBuildFile; fileRef = DBD32FBC2125EC24009C5F89 /* MarvelAPIParamTest.swift */; };
		DBD32FBF2125ECA6009C5F89 /* MockMarvelAPIParamsDictionary.swift in Sources */ = {isa = PBXBuildFile; fileRef = DBD32FBE2125ECA6009C5F89 /* MockMarvelAPIParamsDictionary.swift */; };
		DBD32FC121263DD3009C5F89 /* CharactersListSceneProtocols.swift in Sources */ = {isa = PBXBuildFile; fileRef = DBD32FC021263DD3009C5F89 /* CharactersListSceneProtocols.swift */; };
		DBD32FC321264212009C5F89 /* CharactersListViewModel.swift in Sources */ = {isa = PBXBuildFile; fileRef = DBD32FC221264212009C5F89 /* CharactersListViewModel.swift */; };
		DBD32FC721264748009C5F89 /* CharacterViewData.swift in Sources */ = {isa = PBXBuildFile; fileRef = DBD32FC621264748009C5F89 /* CharacterViewData.swift */; };
		DBD9A37F2123A6FE00791154 /* AppDelegate.swift in Sources */ = {isa = PBXBuildFile; fileRef = DBD9A37E2123A6FE00791154 /* AppDelegate.swift */; };
		DBD9A3842123A6FE00791154 /* Main.storyboard in Resources */ = {isa = PBXBuildFile; fileRef = DBD9A3822123A6FE00791154 /* Main.storyboard */; };
		DBD9A3862123A6FF00791154 /* Assets.xcassets in Resources */ = {isa = PBXBuildFile; fileRef = DBD9A3852123A6FF00791154 /* Assets.xcassets */; };
		DBD9A3892123A6FF00791154 /* LaunchScreen.storyboard in Resources */ = {isa = PBXBuildFile; fileRef = DBD9A3872123A6FF00791154 /* LaunchScreen.storyboard */; };
/* End PBXBuildFile section */

/* Begin PBXContainerItemProxy section */
		DBD9A3902123A70000791154 /* PBXContainerItemProxy */ = {
			isa = PBXContainerItemProxy;
			containerPortal = DBD9A3732123A6FE00791154 /* Project object */;
			proxyType = 1;
			remoteGlobalIDString = DBD9A37A2123A6FE00791154;
			remoteInfo = "Marvel Characters";
		};
/* End PBXContainerItemProxy section */

/* Begin PBXFileReference section */
		7AC8BCE9CEB7921D03F3A3C6 /* Pods_Marvel_CharactersTests.framework */ = {isa = PBXFileReference; explicitFileType = wrapper.framework; includeInIndex = 0; path = Pods_Marvel_CharactersTests.framework; sourceTree = BUILT_PRODUCTS_DIR; };
		8501DCCA0CE363BAE4C70C80 /* Pods_Marvel_Characters.framework */ = {isa = PBXFileReference; explicitFileType = wrapper.framework; includeInIndex = 0; path = Pods_Marvel_Characters.framework; sourceTree = BUILT_PRODUCTS_DIR; };
		8ECF3970A072BC45788F0D2C /* Pods-Marvel CharactersTests.debug.xcconfig */ = {isa = PBXFileReference; includeInIndex = 1; lastKnownFileType = text.xcconfig; name = "Pods-Marvel CharactersTests.debug.xcconfig"; path = "Pods/Target Support Files/Pods-Marvel CharactersTests/Pods-Marvel CharactersTests.debug.xcconfig"; sourceTree = "<group>"; };
		99BD69A421A65639C2CF3DBC /* Pods-Marvel Characters.debug.xcconfig */ = {isa = PBXFileReference; includeInIndex = 1; lastKnownFileType = text.xcconfig; name = "Pods-Marvel Characters.debug.xcconfig"; path = "Pods/Target Support Files/Pods-Marvel Characters/Pods-Marvel Characters.debug.xcconfig"; sourceTree = "<group>"; };
		B7B9DD4516D4655593233C33 /* Pods-Marvel Characters.release.xcconfig */ = {isa = PBXFileReference; includeInIndex = 1; lastKnownFileType = text.xcconfig; name = "Pods-Marvel Characters.release.xcconfig"; path = "Pods/Target Support Files/Pods-Marvel Characters/Pods-Marvel Characters.release.xcconfig"; sourceTree = "<group>"; };
		D05D506EA87BEE0F193C9054 /* Pods-Marvel CharactersTests.release.xcconfig */ = {isa = PBXFileReference; includeInIndex = 1; lastKnownFileType = text.xcconfig; name = "Pods-Marvel CharactersTests.release.xcconfig"; path = "Pods/Target Support Files/Pods-Marvel CharactersTests/Pods-Marvel CharactersTests.release.xcconfig"; sourceTree = "<group>"; };
		DB4DB8F521265832002E6D30 /* CharactersListSceneFactory.swift */ = {isa = PBXFileReference; lastKnownFileType = sourcecode.swift; path = CharactersListSceneFactory.swift; sourceTree = "<group>"; };
		DB4DB8F721266D5D002E6D30 /* CharactersListViewModelTest.swift */ = {isa = PBXFileReference; lastKnownFileType = sourcecode.swift; path = CharactersListViewModelTest.swift; sourceTree = "<group>"; };
		DB4DB8FD212675CA002E6D30 /* MockCharactersListView.swift */ = {isa = PBXFileReference; lastKnownFileType = sourcecode.swift; path = MockCharactersListView.swift; sourceTree = "<group>"; };
		DB75FD622124657800AD7B24 /* MarvelServiceAPI.swift */ = {isa = PBXFileReference; lastKnownFileType = sourcecode.swift; path = MarvelServiceAPI.swift; sourceTree = "<group>"; };
		DB75FD6421246B4A00AD7B24 /* CharactersAPIClient.swift */ = {isa = PBXFileReference; lastKnownFileType = sourcecode.swift; path = CharactersAPIClient.swift; sourceTree = "<group>"; };
		DB75FD662124706A00AD7B24 /* MarvelAPIClient.swift */ = {isa = PBXFileReference; lastKnownFileType = sourcecode.swift; path = MarvelAPIClient.swift; sourceTree = "<group>"; };
		DB75FD682124988800AD7B24 /* MarvelAPIParams.swift */ = {isa = PBXFileReference; lastKnownFileType = sourcecode.swift; path = MarvelAPIParams.swift; sourceTree = "<group>"; };
		DB76668D2127099200F7D79F /* MarvelSampleDataProvider.swift */ = {isa = PBXFileReference; lastKnownFileType = sourcecode.swift; path = MarvelSampleDataProvider.swift; sourceTree = "<group>"; };
		DB7666972127155500F7D79F /* MockCharactersListViewModel.swift */ = {isa = PBXFileReference; lastKnownFileType = sourcecode.swift; path = MockCharactersListViewModel.swift; sourceTree = "<group>"; };
		DB7666992127188C00F7D79F /* TestCharacterViewData.swift */ = {isa = PBXFileReference; lastKnownFileType = sourcecode.swift; path = TestCharacterViewData.swift; sourceTree = "<group>"; };
		DB76669B2127199A00F7D79F /* CharactersListViewControllerTest.swift */ = {isa = PBXFileReference; lastKnownFileType = sourcecode.swift; path = CharactersListViewControllerTest.swift; sourceTree = "<group>"; };
		DBC0EE192124AC2E0006AFC7 /* Character.swift */ = {isa = PBXFileReference; lastKnownFileType = sourcecode.swift; path = Character.swift; sourceTree = "<group>"; };
		DBC0EE202124C67D0006AFC7 /* Marvel CharactersTests-Bridging-Header.h */ = {isa = PBXFileReference; lastKnownFileType = sourcecode.c.h; path = "Marvel CharactersTests-Bridging-Header.h"; sourceTree = "<group>"; };
		DBC0EE212124C67D0006AFC7 /* MarvelServiceAPITest.swift */ = {isa = PBXFileReference; lastKnownFileType = sourcecode.swift; path = MarvelServiceAPITest.swift; sourceTree = "<group>"; };
		DBC0EE232124D3B40006AFC7 /* MarvelAPIClientTest.swift */ = {isa = PBXFileReference; lastKnownFileType = sourcecode.swift; path = MarvelAPIClientTest.swift; sourceTree = "<group>"; };
		DBC0EE252124DE320006AFC7 /* characters.json */ = {isa = PBXFileReference; lastKnownFileType = text.json; path = characters.json; sourceTree = "<group>"; };
		DBD32FB02125B452009C5F89 /* MockMarvelAPIClient.swift */ = {isa = PBXFileReference; lastKnownFileType = sourcecode.swift; path = MockMarvelAPIClient.swift; sourceTree = "<group>"; };
		DBD32FB62125C216009C5F89 /* CharactersListViewController.swift */ = {isa = PBXFileReference; lastKnownFileType = sourcecode.swift; path = CharactersListViewController.swift; sourceTree = "<group>"; };
		DBD32FBA2125C2E2009C5F89 /* CharacterCell.swift */ = {isa = PBXFileReference; lastKnownFileType = sourcecode.swift; path = CharacterCell.swift; sourceTree = "<group>"; };
		DBD32FBC2125EC24009C5F89 /* MarvelAPIParamTest.swift */ = {isa = PBXFileReference; lastKnownFileType = sourcecode.swift; path = MarvelAPIParamTest.swift; sourceTree = "<group>"; };
		DBD32FBE2125ECA6009C5F89 /* MockMarvelAPIParamsDictionary.swift */ = {isa = PBXFileReference; lastKnownFileType = sourcecode.swift; path = MockMarvelAPIParamsDictionary.swift; sourceTree = "<group>"; };
		DBD32FC021263DD3009C5F89 /* CharactersListSceneProtocols.swift */ = {isa = PBXFileReference; lastKnownFileType = sourcecode.swift; path = CharactersListSceneProtocols.swift; sourceTree = "<group>"; };
		DBD32FC221264212009C5F89 /* CharactersListViewModel.swift */ = {isa = PBXFileReference; lastKnownFileType = sourcecode.swift; path = CharactersListViewModel.swift; sourceTree = "<group>"; };
		DBD32FC621264748009C5F89 /* CharacterViewData.swift */ = {isa = PBXFileReference; lastKnownFileType = sourcecode.swift; path = CharacterViewData.swift; sourceTree = "<group>"; };
		DBD9A37B2123A6FE00791154 /* Marvel Characters.app */ = {isa = PBXFileReference; explicitFileType = wrapper.application; includeInIndex = 0; path = "Marvel Characters.app"; sourceTree = BUILT_PRODUCTS_DIR; };
		DBD9A37E2123A6FE00791154 /* AppDelegate.swift */ = {isa = PBXFileReference; lastKnownFileType = sourcecode.swift; path = AppDelegate.swift; sourceTree = "<group>"; };
		DBD9A3832123A6FE00791154 /* Base */ = {isa = PBXFileReference; lastKnownFileType = file.storyboard; name = Base; path = Base.lproj/Main.storyboard; sourceTree = "<group>"; };
		DBD9A3852123A6FF00791154 /* Assets.xcassets */ = {isa = PBXFileReference; lastKnownFileType = folder.assetcatalog; path = Assets.xcassets; sourceTree = "<group>"; };
		DBD9A3882123A6FF00791154 /* Base */ = {isa = PBXFileReference; lastKnownFileType = file.storyboard; name = Base; path = Base.lproj/LaunchScreen.storyboard; sourceTree = "<group>"; };
		DBD9A38A2123A6FF00791154 /* Info.plist */ = {isa = PBXFileReference; lastKnownFileType = text.plist.xml; path = Info.plist; sourceTree = "<group>"; };
		DBD9A38F2123A70000791154 /* Marvel CharactersTests.xctest */ = {isa = PBXFileReference; explicitFileType = wrapper.cfbundle; includeInIndex = 0; path = "Marvel CharactersTests.xctest"; sourceTree = BUILT_PRODUCTS_DIR; };
		DBD9A3952123A70000791154 /* Info.plist */ = {isa = PBXFileReference; lastKnownFileType = text.plist.xml; path = Info.plist; sourceTree = "<group>"; };
/* End PBXFileReference section */

/* Begin PBXFrameworksBuildPhase section */
		DBD9A3782123A6FE00791154 /* Frameworks */ = {
			isa = PBXFrameworksBuildPhase;
			buildActionMask = 2147483647;
			files = (
				3A04F1930F48E41DEAA9E3DE /* Pods_Marvel_Characters.framework in Frameworks */,
			);
			runOnlyForDeploymentPostprocessing = 0;
		};
		DBD9A38C2123A70000791154 /* Frameworks */ = {
			isa = PBXFrameworksBuildPhase;
			buildActionMask = 2147483647;
			files = (
				43758723ABCE1A23BB7C6B15 /* Pods_Marvel_CharactersTests.framework in Frameworks */,
			);
			runOnlyForDeploymentPostprocessing = 0;
		};
/* End PBXFrameworksBuildPhase section */

/* Begin PBXGroup section */
		52CBD688892EB85C46E07E98 /* Frameworks */ = {
			isa = PBXGroup;
			children = (
				8501DCCA0CE363BAE4C70C80 /* Pods_Marvel_Characters.framework */,
				7AC8BCE9CEB7921D03F3A3C6 /* Pods_Marvel_CharactersTests.framework */,
			);
			name = Frameworks;
			sourceTree = "<group>";
		};
		DB4DB8F921266D64002E6D30 /* Scenes */ = {
			isa = PBXGroup;
			children = (
				DB4DB8FA21266D70002E6D30 /* CharactersList */,
			);
			path = Scenes;
			sourceTree = "<group>";
		};
		DB4DB8FA21266D70002E6D30 /* CharactersList */ = {
			isa = PBXGroup;
			children = (
				DB4DB8FB212675A5002E6D30 /* Specs */,
				DB4DB8FC212675B3002E6D30 /* Mocks */,
			);
			path = CharactersList;
			sourceTree = "<group>";
		};
		DB4DB8FB212675A5002E6D30 /* Specs */ = {
			isa = PBXGroup;
			children = (
				DB76669B2127199A00F7D79F /* CharactersListViewControllerTest.swift */,
				DB4DB8F721266D5D002E6D30 /* CharactersListViewModelTest.swift */,
			);
			path = Specs;
			sourceTree = "<group>";
		};
		DB4DB8FC212675B3002E6D30 /* Mocks */ = {
			isa = PBXGroup;
			children = (
				DB4DB8FD212675CA002E6D30 /* MockCharactersListView.swift */,
				DB7666972127155500F7D79F /* MockCharactersListViewModel.swift */,
				DB7666992127188C00F7D79F /* TestCharacterViewData.swift */,
			);
			path = Mocks;
			sourceTree = "<group>";
		};
		DB75FD612124651B00AD7B24 /* API */ = {
			isa = PBXGroup;
			children = (
				DBD32FC52126470F009C5F89 /* Service */,
				DBD32FC421264704009C5F89 /* Clients */,
			);
			path = API;
			sourceTree = "<group>";
		};
		DBC0EE1E2124C3670006AFC7 /* DataModels */ = {
			isa = PBXGroup;
			children = (
				DBC0EE192124AC2E0006AFC7 /* Character.swift */,
			);
			path = DataModels;
			sourceTree = "<group>";
		};
		DBC0EE1F2124C6040006AFC7 /* API */ = {
			isa = PBXGroup;
			children = (
				DBD32FB22125B459009C5F89 /* Specs */,
				DBD32FB32125B460009C5F89 /* Mocks */,
				DBC0EE202124C67D0006AFC7 /* Marvel CharactersTests-Bridging-Header.h */,
			);
			path = API;
			sourceTree = "<group>";
		};
		DBC0EE292124E3850006AFC7 /* Supporting Files */ = {
			isa = PBXGroup;
			children = (
				DBC0EE2B2124E3AD0006AFC7 /* SampleData */,
				DBD9A3852123A6FF00791154 /* Assets.xcassets */,
				DBD9A38A2123A6FF00791154 /* Info.plist */,
			);
			path = "Supporting Files";
			sourceTree = "<group>";
		};
		DBC0EE2B2124E3AD0006AFC7 /* SampleData */ = {
			isa = PBXGroup;
			children = (
				DBC0EE252124DE320006AFC7 /* characters.json */,
			);
			path = SampleData;
			sourceTree = "<group>";
		};
		DBD32FB22125B459009C5F89 /* Specs */ = {
			isa = PBXGroup;
			children = (
				DBC0EE212124C67D0006AFC7 /* MarvelServiceAPITest.swift */,
				DBC0EE232124D3B40006AFC7 /* MarvelAPIClientTest.swift */,
				DBD32FBC2125EC24009C5F89 /* MarvelAPIParamTest.swift */,
			);
			path = Specs;
			sourceTree = "<group>";
		};
		DBD32FB32125B460009C5F89 /* Mocks */ = {
			isa = PBXGroup;
			children = (
				DBD32FB02125B452009C5F89 /* MockMarvelAPIClient.swift */,
				DBD32FBE2125ECA6009C5F89 /* MockMarvelAPIParamsDictionary.swift */,
			);
			path = Mocks;
			sourceTree = "<group>";
		};
		DBD32FB42125BD29009C5F89 /* Storyboards */ = {
			isa = PBXGroup;
			children = (
				DBD9A3822123A6FE00791154 /* Main.storyboard */,
				DBD9A3872123A6FF00791154 /* LaunchScreen.storyboard */,
			);
			path = Storyboards;
			sourceTree = "<group>";
		};
		DBD32FB52125BD34009C5F89 /* AppDelegate */ = {
			isa = PBXGroup;
			children = (
				DBD9A37E2123A6FE00791154 /* AppDelegate.swift */,
			);
			path = AppDelegate;
			sourceTree = "<group>";
		};
		DBD32FB82125C21B009C5F89 /* Scenes */ = {
			isa = PBXGroup;
			children = (
				DBD32FB92125C2B4009C5F89 /* CharactersList */,
			);
			path = Scenes;
			sourceTree = "<group>";
		};
		DBD32FB92125C2B4009C5F89 /* CharactersList */ = {
			isa = PBXGroup;
			children = (
				DBD32FC021263DD3009C5F89 /* CharactersListSceneProtocols.swift */,
				DBD32FB62125C216009C5F89 /* CharactersListViewController.swift */,
				DBD32FC221264212009C5F89 /* CharactersListViewModel.swift */,
				DBD32FBA2125C2E2009C5F89 /* CharacterCell.swift */,
				DBD32FC621264748009C5F89 /* CharacterViewData.swift */,
				DB4DB8F521265832002E6D30 /* CharactersListSceneFactory.swift */,
			);
			path = CharactersList;
			sourceTree = "<group>";
		};
		DBD32FC421264704009C5F89 /* Clients */ = {
			isa = PBXGroup;
			children = (
				DB75FD6421246B4A00AD7B24 /* CharactersAPIClient.swift */,
				DB75FD662124706A00AD7B24 /* MarvelAPIClient.swift */,
			);
			path = Clients;
			sourceTree = "<group>";
		};
		DBD32FC52126470F009C5F89 /* Service */ = {
			isa = PBXGroup;
			children = (
				DB75FD622124657800AD7B24 /* MarvelServiceAPI.swift */,
				DB75FD682124988800AD7B24 /* MarvelAPIParams.swift */,
				DB76668D2127099200F7D79F /* MarvelSampleDataProvider.swift */,
			);
			path = Service;
			sourceTree = "<group>";
		};
		DBD9A3722123A6FE00791154 = {
			isa = PBXGroup;
			children = (
				DBD9A37D2123A6FE00791154 /* Marvel Characters */,
				DBD9A3922123A70000791154 /* Marvel CharactersTests */,
				DBD9A37C2123A6FE00791154 /* Products */,
				E1C2671EA0850983AA7EF2C7 /* Pods */,
				52CBD688892EB85C46E07E98 /* Frameworks */,
			);
			sourceTree = "<group>";
		};
		DBD9A37C2123A6FE00791154 /* Products */ = {
			isa = PBXGroup;
			children = (
				DBD9A37B2123A6FE00791154 /* Marvel Characters.app */,
				DBD9A38F2123A70000791154 /* Marvel CharactersTests.xctest */,
			);
			name = Products;
			sourceTree = "<group>";
		};
		DBD9A37D2123A6FE00791154 /* Marvel Characters */ = {
			isa = PBXGroup;
			children = (
				DBD32FB52125BD34009C5F89 /* AppDelegate */,
				DB75FD612124651B00AD7B24 /* API */,
				DBC0EE1E2124C3670006AFC7 /* DataModels */,
				DBD32FB82125C21B009C5F89 /* Scenes */,
				DBD32FB42125BD29009C5F89 /* Storyboards */,
				DBC0EE292124E3850006AFC7 /* Supporting Files */,
			);
			path = "Marvel Characters";
			sourceTree = "<group>";
		};
		DBD9A3922123A70000791154 /* Marvel CharactersTests */ = {
			isa = PBXGroup;
			children = (
				DBC0EE1F2124C6040006AFC7 /* API */,
				DB4DB8F921266D64002E6D30 /* Scenes */,
				DBD9A3952123A70000791154 /* Info.plist */,
			);
			path = "Marvel CharactersTests";
			sourceTree = "<group>";
		};
		E1C2671EA0850983AA7EF2C7 /* Pods */ = {
			isa = PBXGroup;
			children = (
				99BD69A421A65639C2CF3DBC /* Pods-Marvel Characters.debug.xcconfig */,
				B7B9DD4516D4655593233C33 /* Pods-Marvel Characters.release.xcconfig */,
				8ECF3970A072BC45788F0D2C /* Pods-Marvel CharactersTests.debug.xcconfig */,
				D05D506EA87BEE0F193C9054 /* Pods-Marvel CharactersTests.release.xcconfig */,
			);
			name = Pods;
			sourceTree = "<group>";
		};
/* End PBXGroup section */

/* Begin PBXNativeTarget section */
		DBD9A37A2123A6FE00791154 /* Marvel Characters */ = {
			isa = PBXNativeTarget;
			buildConfigurationList = DBD9A3982123A70000791154 /* Build configuration list for PBXNativeTarget "Marvel Characters" */;
			buildPhases = (
				D6F4B97736940542DE4D69B9 /* [CP] Check Pods Manifest.lock */,
				DBD9A3772123A6FE00791154 /* Sources */,
				DBD9A3782123A6FE00791154 /* Frameworks */,
				DBD9A3792123A6FE00791154 /* Resources */,
				88EFA4F37AE802DE90065098 /* [CP] Embed Pods Frameworks */,
			);
			buildRules = (
			);
			dependencies = (
			);
			name = "Marvel Characters";
			productName = "Marvel Characters";
			productReference = DBD9A37B2123A6FE00791154 /* Marvel Characters.app */;
			productType = "com.apple.product-type.application";
		};
		DBD9A38E2123A70000791154 /* Marvel CharactersTests */ = {
			isa = PBXNativeTarget;
			buildConfigurationList = DBD9A39B2123A70000791154 /* Build configuration list for PBXNativeTarget "Marvel CharactersTests" */;
			buildPhases = (
				3E1861A052D4B85F801B4ABC /* [CP] Check Pods Manifest.lock */,
				DBD9A38B2123A70000791154 /* Sources */,
				DBD9A38C2123A70000791154 /* Frameworks */,
				DBD9A38D2123A70000791154 /* Resources */,
				C290AF5B07FB32841400AE30 /* [CP] Embed Pods Frameworks */,
			);
			buildRules = (
			);
			dependencies = (
				DBD9A3912123A70000791154 /* PBXTargetDependency */,
			);
			name = "Marvel CharactersTests";
			productName = "Marvel CharactersTests";
			productReference = DBD9A38F2123A70000791154 /* Marvel CharactersTests.xctest */;
			productType = "com.apple.product-type.bundle.unit-test";
		};
/* End PBXNativeTarget section */

/* Begin PBXProject section */
		DBD9A3732123A6FE00791154 /* Project object */ = {
			isa = PBXProject;
			attributes = {
				LastSwiftUpdateCheck = 0930;
				LastUpgradeCheck = 0930;
				ORGANIZATIONNAME = "Lucas Fonseca";
				TargetAttributes = {
					DBD9A37A2123A6FE00791154 = {
						CreatedOnToolsVersion = 9.3.1;
					};
					DBD9A38E2123A70000791154 = {
						CreatedOnToolsVersion = 9.3.1;
						LastSwiftMigration = 0940;
						TestTargetID = DBD9A37A2123A6FE00791154;
					};
				};
			};
			buildConfigurationList = DBD9A3762123A6FE00791154 /* Build configuration list for PBXProject "Marvel Characters" */;
			compatibilityVersion = "Xcode 9.3";
			developmentRegion = en;
			hasScannedForEncodings = 0;
			knownRegions = (
				en,
				Base,
			);
			mainGroup = DBD9A3722123A6FE00791154;
			productRefGroup = DBD9A37C2123A6FE00791154 /* Products */;
			projectDirPath = "";
			projectRoot = "";
			targets = (
				DBD9A37A2123A6FE00791154 /* Marvel Characters */,
				DBD9A38E2123A70000791154 /* Marvel CharactersTests */,
			);
		};
/* End PBXProject section */

/* Begin PBXResourcesBuildPhase section */
		DBD9A3792123A6FE00791154 /* Resources */ = {
			isa = PBXResourcesBuildPhase;
			buildActionMask = 2147483647;
			files = (
				DBD9A3892123A6FF00791154 /* LaunchScreen.storyboard in Resources */,
				DBD9A3862123A6FF00791154 /* Assets.xcassets in Resources */,
				DBD9A3842123A6FE00791154 /* Main.storyboard in Resources */,
				DBC0EE2A2124E3A30006AFC7 /* characters.json in Resources */,
			);
			runOnlyForDeploymentPostprocessing = 0;
		};
		DBD9A38D2123A70000791154 /* Resources */ = {
			isa = PBXResourcesBuildPhase;
			buildActionMask = 2147483647;
			files = (
			);
			runOnlyForDeploymentPostprocessing = 0;
		};
/* End PBXResourcesBuildPhase section */

/* Begin PBXShellScriptBuildPhase section */
		3E1861A052D4B85F801B4ABC /* [CP] Check Pods Manifest.lock */ = {
			isa = PBXShellScriptBuildPhase;
			buildActionMask = 2147483647;
			files = (
			);
			inputPaths = (
				"${PODS_PODFILE_DIR_PATH}/Podfile.lock",
				"${PODS_ROOT}/Manifest.lock",
			);
			name = "[CP] Check Pods Manifest.lock";
			outputPaths = (
				"$(DERIVED_FILE_DIR)/Pods-Marvel CharactersTests-checkManifestLockResult.txt",
			);
			runOnlyForDeploymentPostprocessing = 0;
			shellPath = /bin/sh;
			shellScript = "diff \"${PODS_PODFILE_DIR_PATH}/Podfile.lock\" \"${PODS_ROOT}/Manifest.lock\" > /dev/null\nif [ $? != 0 ] ; then\n    # print error to STDERR\n    echo \"error: The sandbox is not in sync with the Podfile.lock. Run 'pod install' or update your CocoaPods installation.\" >&2\n    exit 1\nfi\n# This output is used by Xcode 'outputs' to avoid re-running this script phase.\necho \"SUCCESS\" > \"${SCRIPT_OUTPUT_FILE_0}\"\n";
			showEnvVarsInLog = 0;
		};
		88EFA4F37AE802DE90065098 /* [CP] Embed Pods Frameworks */ = {
			isa = PBXShellScriptBuildPhase;
			buildActionMask = 2147483647;
			files = (
			);
			inputPaths = (
				"${SRCROOT}/Pods/Target Support Files/Pods-Marvel Characters/Pods-Marvel Characters-frameworks.sh",
				"${BUILT_PRODUCTS_DIR}/Alamofire/Alamofire.framework",
				"${BUILT_PRODUCTS_DIR}/Kingfisher/Kingfisher.framework",
				"${BUILT_PRODUCTS_DIR}/Moya/Moya.framework",
				"${BUILT_PRODUCTS_DIR}/Result/Result.framework",
				"${BUILT_PRODUCTS_DIR}/SwiftyJSON/SwiftyJSON.framework",
			);
			name = "[CP] Embed Pods Frameworks";
			outputPaths = (
				"${TARGET_BUILD_DIR}/${FRAMEWORKS_FOLDER_PATH}/Alamofire.framework",
				"${TARGET_BUILD_DIR}/${FRAMEWORKS_FOLDER_PATH}/Kingfisher.framework",
				"${TARGET_BUILD_DIR}/${FRAMEWORKS_FOLDER_PATH}/Moya.framework",
				"${TARGET_BUILD_DIR}/${FRAMEWORKS_FOLDER_PATH}/Result.framework",
				"${TARGET_BUILD_DIR}/${FRAMEWORKS_FOLDER_PATH}/SwiftyJSON.framework",
			);
			runOnlyForDeploymentPostprocessing = 0;
			shellPath = /bin/sh;
			shellScript = "\"${SRCROOT}/Pods/Target Support Files/Pods-Marvel Characters/Pods-Marvel Characters-frameworks.sh\"\n";
			showEnvVarsInLog = 0;
		};
		C290AF5B07FB32841400AE30 /* [CP] Embed Pods Frameworks */ = {
			isa = PBXShellScriptBuildPhase;
			buildActionMask = 2147483647;
			files = (
			);
			inputPaths = (
				"${SRCROOT}/Pods/Target Support Files/Pods-Marvel CharactersTests/Pods-Marvel CharactersTests-frameworks.sh",
				"${BUILT_PRODUCTS_DIR}/Nimble/Nimble.framework",
				"${BUILT_PRODUCTS_DIR}/Quick/Quick.framework",
			);
			name = "[CP] Embed Pods Frameworks";
			outputPaths = (
				"${TARGET_BUILD_DIR}/${FRAMEWORKS_FOLDER_PATH}/Nimble.framework",
				"${TARGET_BUILD_DIR}/${FRAMEWORKS_FOLDER_PATH}/Quick.framework",
			);
			runOnlyForDeploymentPostprocessing = 0;
			shellPath = /bin/sh;
			shellScript = "\"${SRCROOT}/Pods/Target Support Files/Pods-Marvel CharactersTests/Pods-Marvel CharactersTests-frameworks.sh\"\n";
			showEnvVarsInLog = 0;
		};
		D6F4B97736940542DE4D69B9 /* [CP] Check Pods Manifest.lock */ = {
			isa = PBXShellScriptBuildPhase;
			buildActionMask = 2147483647;
			files = (
			);
			inputPaths = (
				"${PODS_PODFILE_DIR_PATH}/Podfile.lock",
				"${PODS_ROOT}/Manifest.lock",
			);
			name = "[CP] Check Pods Manifest.lock";
			outputPaths = (
				"$(DERIVED_FILE_DIR)/Pods-Marvel Characters-checkManifestLockResult.txt",
			);
			runOnlyForDeploymentPostprocessing = 0;
			shellPath = /bin/sh;
			shellScript = "diff \"${PODS_PODFILE_DIR_PATH}/Podfile.lock\" \"${PODS_ROOT}/Manifest.lock\" > /dev/null\nif [ $? != 0 ] ; then\n    # print error to STDERR\n    echo \"error: The sandbox is not in sync with the Podfile.lock. Run 'pod install' or update your CocoaPods installation.\" >&2\n    exit 1\nfi\n# This output is used by Xcode 'outputs' to avoid re-running this script phase.\necho \"SUCCESS\" > \"${SCRIPT_OUTPUT_FILE_0}\"\n";
			showEnvVarsInLog = 0;
		};
/* End PBXShellScriptBuildPhase section */

/* Begin PBXSourcesBuildPhase section */
		DBD9A3772123A6FE00791154 /* Sources */ = {
			isa = PBXSourcesBuildPhase;
			buildActionMask = 2147483647;
			files = (
				DB76668E2127099200F7D79F /* MarvelSampleDataProvider.swift in Sources */,
				DB75FD6521246B4A00AD7B24 /* CharactersAPIClient.swift in Sources */,
				DBD32FC721264748009C5F89 /* CharacterViewData.swift in Sources */,
				DB75FD632124657800AD7B24 /* MarvelServiceAPI.swift in Sources */,
				DBC0EE1A2124AC2E0006AFC7 /* Character.swift in Sources */,
				DBD32FBB2125C2E2009C5F89 /* CharacterCell.swift in Sources */,
				DBD32FC321264212009C5F89 /* CharactersListViewModel.swift in Sources */,
				DB4DB8F621265832002E6D30 /* CharactersListSceneFactory.swift in Sources */,
				DB75FD672124706A00AD7B24 /* MarvelAPIClient.swift in Sources */,
				DBD32FB72125C216009C5F89 /* CharactersListViewController.swift in Sources */,
				DBD9A37F2123A6FE00791154 /* AppDelegate.swift in Sources */,
				DB75FD692124988800AD7B24 /* MarvelAPIParams.swift in Sources */,
				DBD32FC121263DD3009C5F89 /* CharactersListSceneProtocols.swift in Sources */,
			);
			runOnlyForDeploymentPostprocessing = 0;
		};
		DBD9A38B2123A70000791154 /* Sources */ = {
			isa = PBXSourcesBuildPhase;
			buildActionMask = 2147483647;
			files = (
				DBD32FBF2125ECA6009C5F89 /* MockMarvelAPIParamsDictionary.swift in Sources */,
				DBC0EE242124D3B40006AFC7 /* MarvelAPIClientTest.swift in Sources */,
				DB7666982127155500F7D79F /* MockCharactersListViewModel.swift in Sources */,
				DB4DB8F821266D5D002E6D30 /* CharactersListViewModelTest.swift in Sources */,
				DBD32FBD2125EC24009C5F89 /* MarvelAPIParamTest.swift in Sources */,
				DBD32FB12125B452009C5F89 /* MockMarvelAPIClient.swift in Sources */,
				DB76669C2127199A00F7D79F /* CharactersListViewControllerTest.swift in Sources */,
				DBC0EE222124C67D0006AFC7 /* MarvelServiceAPITest.swift in Sources */,
				DB76669A2127188C00F7D79F /* TestCharacterViewData.swift in Sources */,
				DB4DB8FE212675CA002E6D30 /* MockCharactersListView.swift in Sources */,
			);
			runOnlyForDeploymentPostprocessing = 0;
		};
/* End PBXSourcesBuildPhase section */

/* Begin PBXTargetDependency section */
		DBD9A3912123A70000791154 /* PBXTargetDependency */ = {
			isa = PBXTargetDependency;
			target = DBD9A37A2123A6FE00791154 /* Marvel Characters */;
			targetProxy = DBD9A3902123A70000791154 /* PBXContainerItemProxy */;
		};
/* End PBXTargetDependency section */

/* Begin PBXVariantGroup section */
		DBD9A3822123A6FE00791154 /* Main.storyboard */ = {
			isa = PBXVariantGroup;
			children = (
				DBD9A3832123A6FE00791154 /* Base */,
			);
			name = Main.storyboard;
			sourceTree = "<group>";
		};
		DBD9A3872123A6FF00791154 /* LaunchScreen.storyboard */ = {
			isa = PBXVariantGroup;
			children = (
				DBD9A3882123A6FF00791154 /* Base */,
			);
			name = LaunchScreen.storyboard;
			sourceTree = "<group>";
		};
/* End PBXVariantGroup section */

/* Begin XCBuildConfiguration section */
		DBD9A3962123A70000791154 /* Debug */ = {
			isa = XCBuildConfiguration;
			buildSettings = {
				ALWAYS_SEARCH_USER_PATHS = NO;
				CLANG_ANALYZER_NONNULL = YES;
				CLANG_ANALYZER_NUMBER_OBJECT_CONVERSION = YES_AGGRESSIVE;
				CLANG_CXX_LANGUAGE_STANDARD = "gnu++14";
				CLANG_CXX_LIBRARY = "libc++";
				CLANG_ENABLE_MODULES = YES;
				CLANG_ENABLE_OBJC_ARC = YES;
				CLANG_ENABLE_OBJC_WEAK = YES;
				CLANG_WARN_BLOCK_CAPTURE_AUTORELEASING = YES;
				CLANG_WARN_BOOL_CONVERSION = YES;
				CLANG_WARN_COMMA = YES;
				CLANG_WARN_CONSTANT_CONVERSION = YES;
				CLANG_WARN_DEPRECATED_OBJC_IMPLEMENTATIONS = YES;
				CLANG_WARN_DIRECT_OBJC_ISA_USAGE = YES_ERROR;
				CLANG_WARN_DOCUMENTATION_COMMENTS = YES;
				CLANG_WARN_EMPTY_BODY = YES;
				CLANG_WARN_ENUM_CONVERSION = YES;
				CLANG_WARN_INFINITE_RECURSION = YES;
				CLANG_WARN_INT_CONVERSION = YES;
				CLANG_WARN_NON_LITERAL_NULL_CONVERSION = YES;
				CLANG_WARN_OBJC_IMPLICIT_RETAIN_SELF = YES;
				CLANG_WARN_OBJC_LITERAL_CONVERSION = YES;
				CLANG_WARN_OBJC_ROOT_CLASS = YES_ERROR;
				CLANG_WARN_RANGE_LOOP_ANALYSIS = YES;
				CLANG_WARN_STRICT_PROTOTYPES = YES;
				CLANG_WARN_SUSPICIOUS_MOVE = YES;
				CLANG_WARN_UNGUARDED_AVAILABILITY = YES_AGGRESSIVE;
				CLANG_WARN_UNREACHABLE_CODE = YES;
				CLANG_WARN__DUPLICATE_METHOD_MATCH = YES;
				CODE_SIGN_IDENTITY = "iPhone Developer";
				COPY_PHASE_STRIP = NO;
				DEBUG_INFORMATION_FORMAT = dwarf;
				ENABLE_STRICT_OBJC_MSGSEND = YES;
				ENABLE_TESTABILITY = YES;
				GCC_C_LANGUAGE_STANDARD = gnu11;
				GCC_DYNAMIC_NO_PIC = NO;
				GCC_NO_COMMON_BLOCKS = YES;
				GCC_OPTIMIZATION_LEVEL = 0;
				GCC_PREPROCESSOR_DEFINITIONS = (
					"DEBUG=1",
					"$(inherited)",
				);
				GCC_WARN_64_TO_32_BIT_CONVERSION = YES;
				GCC_WARN_ABOUT_RETURN_TYPE = YES_ERROR;
				GCC_WARN_UNDECLARED_SELECTOR = YES;
				GCC_WARN_UNINITIALIZED_AUTOS = YES_AGGRESSIVE;
				GCC_WARN_UNUSED_FUNCTION = YES;
				GCC_WARN_UNUSED_VARIABLE = YES;
				IPHONEOS_DEPLOYMENT_TARGET = 11.3;
				MTL_ENABLE_DEBUG_INFO = YES;
				ONLY_ACTIVE_ARCH = YES;
				SDKROOT = iphoneos;
				SWIFT_ACTIVE_COMPILATION_CONDITIONS = DEBUG;
				SWIFT_OPTIMIZATION_LEVEL = "-Onone";
			};
			name = Debug;
		};
		DBD9A3972123A70000791154 /* Release */ = {
			isa = XCBuildConfiguration;
			buildSettings = {
				ALWAYS_SEARCH_USER_PATHS = NO;
				CLANG_ANALYZER_NONNULL = YES;
				CLANG_ANALYZER_NUMBER_OBJECT_CONVERSION = YES_AGGRESSIVE;
				CLANG_CXX_LANGUAGE_STANDARD = "gnu++14";
				CLANG_CXX_LIBRARY = "libc++";
				CLANG_ENABLE_MODULES = YES;
				CLANG_ENABLE_OBJC_ARC = YES;
				CLANG_ENABLE_OBJC_WEAK = YES;
				CLANG_WARN_BLOCK_CAPTURE_AUTORELEASING = YES;
				CLANG_WARN_BOOL_CONVERSION = YES;
				CLANG_WARN_COMMA = YES;
				CLANG_WARN_CONSTANT_CONVERSION = YES;
				CLANG_WARN_DEPRECATED_OBJC_IMPLEMENTATIONS = YES;
				CLANG_WARN_DIRECT_OBJC_ISA_USAGE = YES_ERROR;
				CLANG_WARN_DOCUMENTATION_COMMENTS = YES;
				CLANG_WARN_EMPTY_BODY = YES;
				CLANG_WARN_ENUM_CONVERSION = YES;
				CLANG_WARN_INFINITE_RECURSION = YES;
				CLANG_WARN_INT_CONVERSION = YES;
				CLANG_WARN_NON_LITERAL_NULL_CONVERSION = YES;
				CLANG_WARN_OBJC_IMPLICIT_RETAIN_SELF = YES;
				CLANG_WARN_OBJC_LITERAL_CONVERSION = YES;
				CLANG_WARN_OBJC_ROOT_CLASS = YES_ERROR;
				CLANG_WARN_RANGE_LOOP_ANALYSIS = YES;
				CLANG_WARN_STRICT_PROTOTYPES = YES;
				CLANG_WARN_SUSPICIOUS_MOVE = YES;
				CLANG_WARN_UNGUARDED_AVAILABILITY = YES_AGGRESSIVE;
				CLANG_WARN_UNREACHABLE_CODE = YES;
				CLANG_WARN__DUPLICATE_METHOD_MATCH = YES;
				CODE_SIGN_IDENTITY = "iPhone Developer";
				COPY_PHASE_STRIP = NO;
				DEBUG_INFORMATION_FORMAT = "dwarf-with-dsym";
				ENABLE_NS_ASSERTIONS = NO;
				ENABLE_STRICT_OBJC_MSGSEND = YES;
				GCC_C_LANGUAGE_STANDARD = gnu11;
				GCC_NO_COMMON_BLOCKS = YES;
				GCC_WARN_64_TO_32_BIT_CONVERSION = YES;
				GCC_WARN_ABOUT_RETURN_TYPE = YES_ERROR;
				GCC_WARN_UNDECLARED_SELECTOR = YES;
				GCC_WARN_UNINITIALIZED_AUTOS = YES_AGGRESSIVE;
				GCC_WARN_UNUSED_FUNCTION = YES;
				GCC_WARN_UNUSED_VARIABLE = YES;
				IPHONEOS_DEPLOYMENT_TARGET = 11.3;
				MTL_ENABLE_DEBUG_INFO = NO;
				SDKROOT = iphoneos;
				SWIFT_COMPILATION_MODE = wholemodule;
				SWIFT_OPTIMIZATION_LEVEL = "-O";
				VALIDATE_PRODUCT = YES;
			};
			name = Release;
		};
		DBD9A3992123A70000791154 /* Debug */ = {
			isa = XCBuildConfiguration;
			baseConfigurationReference = 99BD69A421A65639C2CF3DBC /* Pods-Marvel Characters.debug.xcconfig */;
			buildSettings = {
				ASSETCATALOG_COMPILER_APPICON_NAME = AppIcon;
				CODE_SIGN_STYLE = Automatic;
				INFOPLIST_FILE = "Marvel Characters/Supporting Files/Info.plist";
				LD_RUNPATH_SEARCH_PATHS = (
					"$(inherited)",
					"@executable_path/Frameworks",
				);
				PRODUCT_BUNDLE_IDENTIFIER = "com.lucas-fonseca.Marvel-Characters";
				PRODUCT_NAME = "$(TARGET_NAME)";
				SWIFT_VERSION = 4.0;
				TARGETED_DEVICE_FAMILY = "1,2";
			};
			name = Debug;
		};
		DBD9A39A2123A70000791154 /* Release */ = {
			isa = XCBuildConfiguration;
			baseConfigurationReference = B7B9DD4516D4655593233C33 /* Pods-Marvel Characters.release.xcconfig */;
			buildSettings = {
				ASSETCATALOG_COMPILER_APPICON_NAME = AppIcon;
				CODE_SIGN_STYLE = Automatic;
				INFOPLIST_FILE = "Marvel Characters/Supporting Files/Info.plist";
				LD_RUNPATH_SEARCH_PATHS = (
					"$(inherited)",
					"@executable_path/Frameworks",
				);
				PRODUCT_BUNDLE_IDENTIFIER = "com.lucas-fonseca.Marvel-Characters";
				PRODUCT_NAME = "$(TARGET_NAME)";
				SWIFT_VERSION = 4.0;
				TARGETED_DEVICE_FAMILY = "1,2";
			};
			name = Release;
		};
		DBD9A39C2123A70000791154 /* Debug */ = {
			isa = XCBuildConfiguration;
			baseConfigurationReference = 8ECF3970A072BC45788F0D2C /* Pods-Marvel CharactersTests.debug.xcconfig */;
			buildSettings = {
				BUNDLE_LOADER = "$(TEST_HOST)";
				CLANG_ENABLE_MODULES = YES;
				CODE_SIGN_STYLE = Automatic;
				INFOPLIST_FILE = "Marvel CharactersTests/Info.plist";
				LD_RUNPATH_SEARCH_PATHS = (
					"$(inherited)",
					"@executable_path/Frameworks",
					"@loader_path/Frameworks",
				);
				PRODUCT_BUNDLE_IDENTIFIER = "com.lucas-fonseca.Marvel-CharactersTests";
				PRODUCT_NAME = "$(TARGET_NAME)";
				SWIFT_OBJC_BRIDGING_HEADER = "Marvel CharactersTests/API/Marvel CharactersTests-Bridging-Header.h";
				SWIFT_OPTIMIZATION_LEVEL = "-Onone";
				SWIFT_VERSION = 4.0;
				TARGETED_DEVICE_FAMILY = "1,2";
				TEST_HOST = "$(BUILT_PRODUCTS_DIR)/Marvel Characters.app/Marvel Characters";
			};
			name = Debug;
		};
		DBD9A39D2123A70000791154 /* Release */ = {
			isa = XCBuildConfiguration;
			baseConfigurationReference = D05D506EA87BEE0F193C9054 /* Pods-Marvel CharactersTests.release.xcconfig */;
			buildSettings = {
				BUNDLE_LOADER = "$(TEST_HOST)";
				CLANG_ENABLE_MODULES = YES;
				CODE_SIGN_STYLE = Automatic;
				INFOPLIST_FILE = "Marvel CharactersTests/Info.plist";
				LD_RUNPATH_SEARCH_PATHS = (
					"$(inherited)",
					"@executable_path/Frameworks",
					"@loader_path/Frameworks",
				);
				PRODUCT_BUNDLE_IDENTIFIER = "com.lucas-fonseca.Marvel-CharactersTests";
				PRODUCT_NAME = "$(TARGET_NAME)";
				SWIFT_OBJC_BRIDGING_HEADER = "Marvel CharactersTests/API/Marvel CharactersTests-Bridging-Header.h";
				SWIFT_VERSION = 4.0;
				TARGETED_DEVICE_FAMILY = "1,2";
				TEST_HOST = "$(BUILT_PRODUCTS_DIR)/Marvel Characters.app/Marvel Characters";
			};
			name = Release;
		};
/* End XCBuildConfiguration section */

/* Begin XCConfigurationList section */
		DBD9A3762123A6FE00791154 /* Build configuration list for PBXProject "Marvel Characters" */ = {
			isa = XCConfigurationList;
			buildConfigurations = (
				DBD9A3962123A70000791154 /* Debug */,
				DBD9A3972123A70000791154 /* Release */,
			);
			defaultConfigurationIsVisible = 0;
			defaultConfigurationName = Release;
		};
		DBD9A3982123A70000791154 /* Build configuration list for PBXNativeTarget "Marvel Characters" */ = {
			isa = XCConfigurationList;
			buildConfigurations = (
				DBD9A3992123A70000791154 /* Debug */,
				DBD9A39A2123A70000791154 /* Release */,
			);
			defaultConfigurationIsVisible = 0;
			defaultConfigurationName = Release;
		};
		DBD9A39B2123A70000791154 /* Build configuration list for PBXNativeTarget "Marvel CharactersTests" */ = {
			isa = XCConfigurationList;
			buildConfigurations = (
				DBD9A39C2123A70000791154 /* Debug */,
				DBD9A39D2123A70000791154 /* Release */,
			);
			defaultConfigurationIsVisible = 0;
			defaultConfigurationName = Release;
		};
/* End XCConfigurationList section */
	};
	rootObject = DBD9A3732123A6FE00791154 /* Project object */;
}
